
Microsoft Visual Studio Solution File, Format Version 12.00
# Visual Studio Version 16
VisualStudioVersion = 16.0.29911.84
MinimumVisualStudioVersion = 10.0.40219.1
Project("{9A19103F-16F7-4668-BE54-9A1E7A4F7556}") = "Azure.Portal.Functions", "Azure.Portal.Functions\Azure.Portal.Functions.csproj", "{F9ED2A73-75F3-434C-B02B-E185521433BC}"
EndProject
Project("{FAE04EC0-301F-11D3-BF4B-00C04F79EFBC}") = "Azure.Protal.Function.UnitTest", "Azure.Protal.Function.UnitTest\Azure.Protal.Function.UnitTest.csproj", "{B55790F7-82CF-43F3-BB2D-036D8057C9EF}"
EndProject
Global
	GlobalSection(SolutionConfigurationPlatforms) = preSolution
		Debug|Any CPU = Debug|Any CPU
		Release|Any CPU = Release|Any CPU
	EndGlobalSection
	GlobalSection(ProjectConfigurationPlatforms) = postSolution
		{F9ED2A73-75F3-434C-B02B-E185521433BC}.Debug|Any CPU.ActiveCfg = Debug|Any CPU
		{F9ED2A73-75F3-434C-B02B-E185521433BC}.Debug|Any CPU.Build.0 = Debug|Any CPU
		{F9ED2A73-75F3-434C-B02B-E185521433BC}.Release|Any CPU.ActiveCfg = Release|Any CPU
		{F9ED2A73-75F3-434C-B02B-E185521433BC}.Release|Any CPU.Build.0 = Release|Any CPU
		{B55790F7-82CF-43F3-BB2D-036D8057C9EF}.Debug|Any CPU.ActiveCfg = Debug|Any CPU
		{B55790F7-82CF-43F3-BB2D-036D8057C9EF}.Debug|Any CPU.Build.0 = Debug|Any CPU
		{B55790F7-82CF-43F3-BB2D-036D8057C9EF}.Release|Any CPU.ActiveCfg = Release|Any CPU
		{B55790F7-82CF-43F3-BB2D-036D8057C9EF}.Release|Any CPU.Build.0 = Release|Any CPU
	EndGlobalSection
	GlobalSection(SolutionProperties) = preSolution
		HideSolutionNode = FALSE
	EndGlobalSection
	GlobalSection(ExtensibilityGlobals) = postSolution
		SolutionGuid = {AE6F7DEC-4D05-43D5-9A60-9F50FBF49AED}
	EndGlobalSection
EndGlobal
